
Microsoft Visual Studio Solution File, Format Version 12.00
# Visual Studio Version 16
VisualStudioVersion = 16.0.29418.71
MinimumVisualStudioVersion = 10.0.40219.1
Project("{FAE04EC0-301F-11D3-BF4B-00C04F79EFBC}") = "Imageprocessing", "Imageprocessing\Imageprocessing.csproj", "{4DFD73C2-339A-496E-8660-A3AEC2E28FE1}"
EndProject
Global
	GlobalSection(SolutionConfigurationPlatforms) = preSolution
		Debug|Any CPU = Debug|Any CPU
		Release|Any CPU = Release|Any CPU
	EndGlobalSection
	GlobalSection(ProjectConfigurationPlatforms) = postSolution
		{4DFD73C2-339A-496E-8660-A3AEC2E28FE1}.Debug|Any CPU.ActiveCfg = Debug|Any CPU
		{4DFD73C2-339A-496E-8660-A3AEC2E28FE1}.Debug|Any CPU.Build.0 = Debug|Any CPU
		{4DFD73C2-339A-496E-8660-A3AEC2E28FE1}.Release|Any CPU.ActiveCfg = Release|Any CPU
		{4DFD73C2-339A-496E-8660-A3AEC2E28FE1}.Release|Any CPU.Build.0 = Release|Any CPU
	EndGlobalSection
	GlobalSection(SolutionProperties) = preSolution
		HideSolutionNode = FALSE
	EndGlobalSection
	GlobalSection(ExtensibilityGlobals) = postSolution
		SolutionGuid = {C5B06710-C95D-445B-9ACA-53D6DACB3D94}
	EndGlobalSection
EndGlobal
